{
  "version": 4,
  "terraform_version": "1.5.0",
  "serial": 5,
  "lineage": "4340f3a9-b18d-19f2-6dd9-297cd62ff2c2",
  "outputs": {
    "instance_link": {
      "value": "https://www.googleapis.com/compute/v1/projects/qwiklabs-gcp-03-25873eeb1830/zones/us-east1-b/instances/myinstance",
      "type": "string"
    },
    "network_IP": {
      "value": "9073860135301569526",
      "type": "string"
    }
  },
  "resources": [
    {
      "mode": "managed",
      "type": "google_compute_address",
      "name": "vm_static_ip",
      "provider": "provider[\"registry.terraform.io/hashicorp/google\"]",
      "instances": [
        {
          "schema_version": 0,
          "attributes": {
            "address": "35.196.9.151",
            "address_type": "EXTERNAL",
            "creation_timestamp": "2023-06-24T23:56:23.341-07:00",
            "description": "",
            "id": "projects/qwiklabs-gcp-03-25873eeb1830/regions/us-east1/addresses/terraform-static-ip",
            "name": "terraform-static-ip",
            "network": "",
            "network_tier": "PREMIUM",
            "prefix_length": 0,
            "project": "qwiklabs-gcp-03-25873eeb1830",
            "purpose": "",
            "region": "us-east1",
            "self_link": "https://www.googleapis.com/compute/v1/projects/qwiklabs-gcp-03-25873eeb1830/regions/us-east1/addresses/terraform-static-ip",
            "subnetwork": "",
            "timeouts": null,
            "users": [
              "https://www.googleapis.com/compute/v1/projects/qwiklabs-gcp-03-25873eeb1830/zones/us-east1-b/instances/myinstance"
            ]
          },
          "sensitive_attributes": [],
          "private": "eyJlMmJmYjczMC1lY2FhLTExZTYtOGY4OC0zNDM2M2JjN2M0YzAiOnsiY3JlYXRlIjoxMjAwMDAwMDAwMDAwLCJkZWxldGUiOjEyMDAwMDAwMDAwMDB9fQ=="
        }
      ]
    },
    {
      "mode": "managed",
      "type": "google_compute_instance",
      "name": "another_instance",
      "provider": "provider[\"registry.terraform.io/hashicorp/google\"]",
      "instances": []
    },
    {
      "mode": "managed",
      "type": "google_compute_instance",
      "name": "vm_instance",
      "provider": "provider[\"registry.terraform.io/hashicorp/google\"]",
      "instances": [
        {
          "schema_version": 6,
          "attributes": {
            "advanced_machine_features": [],
            "allow_stopping_for_update": null,
            "attached_disk": [],
            "boot_disk": [
              {
                "auto_delete": true,
                "device_name": "persistent-disk-0",
                "disk_encryption_key_raw": "",
                "disk_encryption_key_sha256": "",
                "initialize_params": [
                  {
                    "image": "https://www.googleapis.com/compute/v1/projects/debian-cloud/global/images/debian-11-bullseye-v20230615",
                    "labels": {},
                    "size": 10,
                    "type": "pd-standard"
                  }
                ],
                "kms_key_self_link": "",
                "mode": "READ_WRITE",
                "source": "https://www.googleapis.com/compute/v1/projects/qwiklabs-gcp-03-25873eeb1830/zones/us-east1-b/disks/myinstance"
              }
            ],
            "can_ip_forward": false,
            "confidential_instance_config": [],
            "cpu_platform": "Intel Haswell",
            "current_status": "RUNNING",
            "deletion_protection": false,
            "description": "",
            "desired_status": null,
            "enable_display": false,
            "guest_accelerator": [],
            "hostname": "",
            "id": "projects/qwiklabs-gcp-03-25873eeb1830/zones/us-east1-b/instances/myinstance",
            "instance_id": "9073860135301569526",
            "label_fingerprint": "42WmSpB8rSM=",
            "labels": {},
            "machine_type": "n1-standard-1",
            "metadata": {},
            "metadata_fingerprint": "MWPZz_fvh-k=",
            "metadata_startup_script": null,
            "min_cpu_platform": "",
            "name": "myinstance",
            "network_interface": [
              {
                "access_config": [
                  {
                    "nat_ip": "35.196.9.151",
                    "network_tier": "PREMIUM",
                    "public_ptr_domain_name": ""
                  }
                ],
                "alias_ip_range": [],
                "ipv6_access_config": [],
                "ipv6_access_type": "",
                "name": "nic0",
                "network": "https://www.googleapis.com/compute/v1/projects/qwiklabs-gcp-03-25873eeb1830/global/networks/default",
                "network_ip": "10.142.0.2",
                "nic_type": "",
                "queue_count": 0,
                "stack_type": "IPV4_ONLY",
                "subnetwork": "https://www.googleapis.com/compute/v1/projects/qwiklabs-gcp-03-25873eeb1830/regions/us-east1/subnetworks/default",
                "subnetwork_project": "qwiklabs-gcp-03-25873eeb1830"
              }
            ],
            "network_performance_config": [],
            "project": "qwiklabs-gcp-03-25873eeb1830",
            "reservation_affinity": [],
            "resource_policies": [],
            "scheduling": [
              {
                "automatic_restart": true,
                "instance_termination_action": "",
                "min_node_cpus": 0,
                "node_affinities": [],
                "on_host_maintenance": "MIGRATE",
                "preemptible": false,
                "provisioning_model": "STANDARD"
              }
            ],
            "scratch_disk": [],
            "self_link": "https://www.googleapis.com/compute/v1/projects/qwiklabs-gcp-03-25873eeb1830/zones/us-east1-b/instances/myinstance",
            "service_account": [],
            "shielded_instance_config": [
              {
                "enable_integrity_monitoring": true,
                "enable_secure_boot": false,
                "enable_vtpm": true
              }
            ],
            "tags": [],
            "tags_fingerprint": "42WmSpB8rSM=",
            "timeouts": null,
            "zone": "us-east1-b"
          },
          "sensitive_attributes": [],
          "private": "eyJlMmJmYjczMC1lY2FhLTExZTYtOGY4OC0zNDM2M2JjN2M0YzAiOnsiY3JlYXRlIjoxMjAwMDAwMDAwMDAwLCJkZWxldGUiOjEyMDAwMDAwMDAwMDAsInVwZGF0ZSI6MTIwMDAwMDAwMDAwMH0sInNjaGVtYV92ZXJzaW9uIjoiNiJ9",
          "dependencies": [
            "google_compute_address.vm_static_ip"
          ]
        }
      ]
    }
  ],
  "check_results": null
}
